
Microsoft Visual Studio Solution File, Format Version 12.00
# Visual Studio Version 16
VisualStudioVersion = 16.0.31702.278
MinimumVisualStudioVersion = 10.0.40219.1
Project("{FAE04EC0-301F-11D3-BF4B-00C04F79EFBC}") = "Prc4_EF_Wk01", "Prc4_EF_Wk01\Prc4_EF_Wk01.csproj", "{7B2A756E-8820-41B3-A9C7-6DCE42B5E89B}"
EndProject
Project("{FAE04EC0-301F-11D3-BF4B-00C04F79EFBC}") = "StudentCoursesDAL", "StudentCoursesDAL\StudentCoursesDAL.csproj", "{448090CE-5025-4805-BF6A-0DBB4697D802}"
EndProject
Global
	GlobalSection(SolutionConfigurationPlatforms) = preSolution
		Debug|Any CPU = Debug|Any CPU
		Release|Any CPU = Release|Any CPU
	EndGlobalSection
	GlobalSection(ProjectConfigurationPlatforms) = postSolution
		{7B2A756E-8820-41B3-A9C7-6DCE42B5E89B}.Debug|Any CPU.ActiveCfg = Debug|Any CPU
		{7B2A756E-8820-41B3-A9C7-6DCE42B5E89B}.Debug|Any CPU.Build.0 = Debug|Any CPU
		{7B2A756E-8820-41B3-A9C7-6DCE42B5E89B}.Release|Any CPU.ActiveCfg = Release|Any CPU
		{7B2A756E-8820-41B3-A9C7-6DCE42B5E89B}.Release|Any CPU.Build.0 = Release|Any CPU
		{448090CE-5025-4805-BF6A-0DBB4697D802}.Debug|Any CPU.ActiveCfg = Debug|Any CPU
		{448090CE-5025-4805-BF6A-0DBB4697D802}.Debug|Any CPU.Build.0 = Debug|Any CPU
		{448090CE-5025-4805-BF6A-0DBB4697D802}.Release|Any CPU.ActiveCfg = Release|Any CPU
		{448090CE-5025-4805-BF6A-0DBB4697D802}.Release|Any CPU.Build.0 = Release|Any CPU
	EndGlobalSection
	GlobalSection(SolutionProperties) = preSolution
		HideSolutionNode = FALSE
	EndGlobalSection
	GlobalSection(ExtensibilityGlobals) = postSolution
		SolutionGuid = {EA1A719D-3ECE-4A7A-B7D9-72FD7E260423}
	EndGlobalSection
EndGlobal
